
Microsoft Visual Studio Solution File, Format Version 12.00
# Visual Studio Version 17
VisualStudioVersion = 17.9.34701.34
MinimumVisualStudioVersion = 10.0.40219.1
Project("{9A19103F-16F7-4668-BE54-9A1E7A4F7556}") = "PizzaOrderApp", "PizzaOrderApp.csproj", "{20CB6676-0CBF-49E2-A5EC-165B8B7A831E}"
EndProject
Project("{9A19103F-16F7-4668-BE54-9A1E7A4F7556}") = "Front", "..\Front\Front.csproj", "{0E40614A-D7AC-4437-BEEE-872D68302161}"
EndProject
Global
	GlobalSection(SolutionConfigurationPlatforms) = preSolution
		Debug|Any CPU = Debug|Any CPU
		Release|Any CPU = Release|Any CPU
	EndGlobalSection
	GlobalSection(ProjectConfigurationPlatforms) = postSolution
		{20CB6676-0CBF-49E2-A5EC-165B8B7A831E}.Debug|Any CPU.ActiveCfg = Debug|Any CPU
		{20CB6676-0CBF-49E2-A5EC-165B8B7A831E}.Debug|Any CPU.Build.0 = Debug|Any CPU
		{20CB6676-0CBF-49E2-A5EC-165B8B7A831E}.Release|Any CPU.ActiveCfg = Release|Any CPU
		{20CB6676-0CBF-49E2-A5EC-165B8B7A831E}.Release|Any CPU.Build.0 = Release|Any CPU
		{0E40614A-D7AC-4437-BEEE-872D68302161}.Debug|Any CPU.ActiveCfg = Debug|Any CPU
		{0E40614A-D7AC-4437-BEEE-872D68302161}.Debug|Any CPU.Build.0 = Debug|Any CPU
		{0E40614A-D7AC-4437-BEEE-872D68302161}.Release|Any CPU.ActiveCfg = Release|Any CPU
		{0E40614A-D7AC-4437-BEEE-872D68302161}.Release|Any CPU.Build.0 = Release|Any CPU
	EndGlobalSection
	GlobalSection(SolutionProperties) = preSolution
		HideSolutionNode = FALSE
	EndGlobalSection
	GlobalSection(ExtensibilityGlobals) = postSolution
		SolutionGuid = {2D716E13-49C8-4E08-81D7-226F9676C704}
	EndGlobalSection
EndGlobal
